// !$*UTF8*$!
{
	archiveVersion = 1;
	classes = {
	};
	objectVersion = 46;
	objects = {

/* Begin PBXBuildFile section */
		B50644A91E81595D00E1A115 /* APIService.swift in Sources */ = {isa = PBXBuildFile; fileRef = B50644A81E81595D00E1A115 /* APIService.swift */; };
		B50644AB1E81598A00E1A115 /* APITask.swift in Sources */ = {isa = PBXBuildFile; fileRef = B50644AA1E81598A00E1A115 /* APITask.swift */; };
		B50644AE1E81826900E1A115 /* SearchPhotosResponse.swift in Sources */ = {isa = PBXBuildFile; fileRef = B50644AD1E81826900E1A115 /* SearchPhotosResponse.swift */; };
		B50644B11E81830600E1A115 /* RawPhoto.swift in Sources */ = {isa = PBXBuildFile; fileRef = B50644B01E81830600E1A115 /* RawPhoto.swift */; };
		B51C1B271E8331D300DA8F98 /* RealmPhoto.swift in Sources */ = {isa = PBXBuildFile; fileRef = B51C1B261E8331D300DA8F98 /* RealmPhoto.swift */; };
		B523251B1E8105DC00FF4B02 /* AppDelegate.swift in Sources */ = {isa = PBXBuildFile; fileRef = B523251A1E8105DC00FF4B02 /* AppDelegate.swift */; };
		B52325221E8105DC00FF4B02 /* Assets.xcassets in Resources */ = {isa = PBXBuildFile; fileRef = B52325211E8105DC00FF4B02 /* Assets.xcassets */; };
		B52325251E8105DC00FF4B02 /* LaunchScreen.storyboard in Resources */ = {isa = PBXBuildFile; fileRef = B52325231E8105DC00FF4B02 /* LaunchScreen.storyboard */; };
		B576D9BA1E825A8900054041 /* APIResponse.swift in Sources */ = {isa = PBXBuildFile; fileRef = B576D9B91E825A8900054041 /* APIResponse.swift */; };
		B576D9BE1E8276A400054041 /* Photo.swift in Sources */ = {isa = PBXBuildFile; fileRef = B576D9BD1E8276A400054041 /* Photo.swift */; };
		B576D9C01E8276E600054041 /* PhotosService.swift in Sources */ = {isa = PBXBuildFile; fileRef = B576D9BF1E8276E600054041 /* PhotosService.swift */; };
		B576D9C31E8278C400054041 /* PhotosRoutines.swift in Sources */ = {isa = PBXBuildFile; fileRef = B576D9C21E8278C400054041 /* PhotosRoutines.swift */; };
		B576D9C81E829ECB00054041 /* Main.storyboard in Resources */ = {isa = PBXBuildFile; fileRef = B576D9C51E829ECB00054041 /* Main.storyboard */; };
		B576D9C91E829ECB00054041 /* PhotosBrowserVC.swift in Sources */ = {isa = PBXBuildFile; fileRef = B576D9C71E829ECB00054041 /* PhotosBrowserVC.swift */; };
		B576D9CC1E829EF700054041 /* PhotosBrowserCell.swift in Sources */ = {isa = PBXBuildFile; fileRef = B576D9CA1E829EF700054041 /* PhotosBrowserCell.swift */; };
		B576D9CD1E829EF700054041 /* PhotosBrowserCell.xib in Resources */ = {isa = PBXBuildFile; fileRef = B576D9CB1E829EF700054041 /* PhotosBrowserCell.xib */; };
		B59375641E83106800E98E4D /* IndexPathsRoutines.swift in Sources */ = {isa = PBXBuildFile; fileRef = B59375631E83106800E98E4D /* IndexPathsRoutines.swift */; };
		B59375691E832F5100E98E4D /* StorageService.swift in Sources */ = {isa = PBXBuildFile; fileRef = B59375681E832F5100E98E4D /* StorageService.swift */; };
		B593756C1E832F9A00E98E4D /* RealmApplication.swift in Sources */ = {isa = PBXBuildFile; fileRef = B593756B1E832F9A00E98E4D /* RealmApplication.swift */; };
		B5CECFE51E835C8A007D9C05 /* AlertRoutines.swift in Sources */ = {isa = PBXBuildFile; fileRef = B5CECFE41E835C8A007D9C05 /* AlertRoutines.swift */; };
		FF7AA40EC3CA13AE1BA3DDC1 /* Pods_FlickrLite.framework in Frameworks */ = {isa = PBXBuildFile; fileRef = F7E8F84308102CCE2535B325 /* Pods_FlickrLite.framework */; };
/* End PBXBuildFile section */

/* Begin PBXFileReference section */
		06F07B60818A2E76528A700E /* Pods-FlickrLite.debug.xcconfig */ = {isa = PBXFileReference; includeInIndex = 1; lastKnownFileType = text.xcconfig; name = "Pods-FlickrLite.debug.xcconfig"; path = "Pods/Target Support Files/Pods-FlickrLite/Pods-FlickrLite.debug.xcconfig"; sourceTree = "<group>"; };
		35259214B40226C6E5D9F051 /* Pods-FlickrLite.release.xcconfig */ = {isa = PBXFileReference; includeInIndex = 1; lastKnownFileType = text.xcconfig; name = "Pods-FlickrLite.release.xcconfig"; path = "Pods/Target Support Files/Pods-FlickrLite/Pods-FlickrLite.release.xcconfig"; sourceTree = "<group>"; };
		B50644A81E81595D00E1A115 /* APIService.swift */ = {isa = PBXFileReference; fileEncoding = 4; lastKnownFileType = sourcecode.swift; path = APIService.swift; sourceTree = "<group>"; };
		B50644AA1E81598A00E1A115 /* APITask.swift */ = {isa = PBXFileReference; fileEncoding = 4; lastKnownFileType = sourcecode.swift; path = APITask.swift; sourceTree = "<group>"; };
		B50644AD1E81826900E1A115 /* SearchPhotosResponse.swift */ = {isa = PBXFileReference; fileEncoding = 4; lastKnownFileType = sourcecode.swift; path = SearchPhotosResponse.swift; sourceTree = "<group>"; };
		B50644B01E81830600E1A115 /* RawPhoto.swift */ = {isa = PBXFileReference; fileEncoding = 4; lastKnownFileType = sourcecode.swift; path = RawPhoto.swift; sourceTree = "<group>"; };
		B51C1B261E8331D300DA8F98 /* RealmPhoto.swift */ = {isa = PBXFileReference; fileEncoding = 4; lastKnownFileType = sourcecode.swift; path = RealmPhoto.swift; sourceTree = "<group>"; };
		B52325171E8105DC00FF4B02 /* FlickrLite.app */ = {isa = PBXFileReference; explicitFileType = wrapper.application; includeInIndex = 0; path = FlickrLite.app; sourceTree = BUILT_PRODUCTS_DIR; };
		B523251A1E8105DC00FF4B02 /* AppDelegate.swift */ = {isa = PBXFileReference; lastKnownFileType = sourcecode.swift; path = AppDelegate.swift; sourceTree = "<group>"; };
		B52325211E8105DC00FF4B02 /* Assets.xcassets */ = {isa = PBXFileReference; lastKnownFileType = folder.assetcatalog; path = Assets.xcassets; sourceTree = "<group>"; };
		B52325241E8105DC00FF4B02 /* Base */ = {isa = PBXFileReference; lastKnownFileType = file.storyboard; name = Base; path = Base.lproj/LaunchScreen.storyboard; sourceTree = "<group>"; };
		B52325261E8105DC00FF4B02 /* Info.plist */ = {isa = PBXFileReference; lastKnownFileType = text.plist.xml; path = Info.plist; sourceTree = "<group>"; };
		B576D9B91E825A8900054041 /* APIResponse.swift */ = {isa = PBXFileReference; fileEncoding = 4; lastKnownFileType = sourcecode.swift; path = APIResponse.swift; sourceTree = "<group>"; };
		B576D9BD1E8276A400054041 /* Photo.swift */ = {isa = PBXFileReference; fileEncoding = 4; lastKnownFileType = sourcecode.swift; path = Photo.swift; sourceTree = "<group>"; };
		B576D9BF1E8276E600054041 /* PhotosService.swift */ = {isa = PBXFileReference; fileEncoding = 4; lastKnownFileType = sourcecode.swift; path = PhotosService.swift; sourceTree = "<group>"; };
		B576D9C21E8278C400054041 /* PhotosRoutines.swift */ = {isa = PBXFileReference; fileEncoding = 4; lastKnownFileType = sourcecode.swift; path = PhotosRoutines.swift; sourceTree = "<group>"; };
		B576D9C51E829ECB00054041 /* Main.storyboard */ = {isa = PBXFileReference; fileEncoding = 4; lastKnownFileType = file.storyboard; path = Main.storyboard; sourceTree = "<group>"; };
		B576D9C71E829ECB00054041 /* PhotosBrowserVC.swift */ = {isa = PBXFileReference; fileEncoding = 4; lastKnownFileType = sourcecode.swift; path = PhotosBrowserVC.swift; sourceTree = "<group>"; };
		B576D9CA1E829EF700054041 /* PhotosBrowserCell.swift */ = {isa = PBXFileReference; fileEncoding = 4; lastKnownFileType = sourcecode.swift; path = PhotosBrowserCell.swift; sourceTree = "<group>"; };
		B576D9CB1E829EF700054041 /* PhotosBrowserCell.xib */ = {isa = PBXFileReference; fileEncoding = 4; lastKnownFileType = file.xib; path = PhotosBrowserCell.xib; sourceTree = "<group>"; };
		B593755B1E82C04200E98E4D /* FlickrLite-Bridging-Header.h */ = {isa = PBXFileReference; lastKnownFileType = sourcecode.c.h; path = "FlickrLite-Bridging-Header.h"; sourceTree = "<group>"; };
		B59375631E83106800E98E4D /* IndexPathsRoutines.swift */ = {isa = PBXFileReference; fileEncoding = 4; lastKnownFileType = sourcecode.swift; path = IndexPathsRoutines.swift; sourceTree = "<group>"; };
		B59375681E832F5100E98E4D /* StorageService.swift */ = {isa = PBXFileReference; fileEncoding = 4; lastKnownFileType = sourcecode.swift; path = StorageService.swift; sourceTree = "<group>"; };
		B593756B1E832F9A00E98E4D /* RealmApplication.swift */ = {isa = PBXFileReference; fileEncoding = 4; lastKnownFileType = sourcecode.swift; path = RealmApplication.swift; sourceTree = "<group>"; };
		B5CECFE41E835C8A007D9C05 /* AlertRoutines.swift */ = {isa = PBXFileReference; fileEncoding = 4; lastKnownFileType = sourcecode.swift; path = AlertRoutines.swift; sourceTree = "<group>"; };
		F7E8F84308102CCE2535B325 /* Pods_FlickrLite.framework */ = {isa = PBXFileReference; explicitFileType = wrapper.framework; includeInIndex = 0; path = Pods_FlickrLite.framework; sourceTree = BUILT_PRODUCTS_DIR; };
/* End PBXFileReference section */

/* Begin PBXFrameworksBuildPhase section */
		B52325141E8105DC00FF4B02 /* Frameworks */ = {
			isa = PBXFrameworksBuildPhase;
			buildActionMask = 2147483647;
			files = (
				FF7AA40EC3CA13AE1BA3DDC1 /* Pods_FlickrLite.framework in Frameworks */,
			);
			runOnlyForDeploymentPostprocessing = 0;
		};
/* End PBXFrameworksBuildPhase section */

/* Begin PBXGroup section */
		6F01401BF9BF8F7BAAE71763 /* Frameworks */ = {
			isa = PBXGroup;
			children = (
				F7E8F84308102CCE2535B325 /* Pods_FlickrLite.framework */,
			);
			name = Frameworks;
			sourceTree = "<group>";
		};
		B50644A41E81149200E1A115 /* Services */ = {
			isa = PBXGroup;
			children = (
				B59375671E832F5100E98E4D /* StorageService */,
				B50644A71E81595D00E1A115 /* APIService */,
				B576D9BF1E8276E600054041 /* PhotosService.swift */,
			);
			path = Services;
			sourceTree = "<group>";
		};
		B50644A71E81595D00E1A115 /* APIService */ = {
			isa = PBXGroup;
			children = (
				B50644AC1E81825600E1A115 /* ResponseModels */,
				B50644A81E81595D00E1A115 /* APIService.swift */,
				B50644AA1E81598A00E1A115 /* APITask.swift */,
			);
			path = APIService;
			sourceTree = "<group>";
		};
		B50644AC1E81825600E1A115 /* ResponseModels */ = {
			isa = PBXGroup;
			children = (
				B50644AD1E81826900E1A115 /* SearchPhotosResponse.swift */,
				B576D9B91E825A8900054041 /* APIResponse.swift */,
			);
			path = ResponseModels;
			sourceTree = "<group>";
		};
		B50644AF1E8182F000E1A115 /* Models */ = {
			isa = PBXGroup;
			children = (
				B50644B01E81830600E1A115 /* RawPhoto.swift */,
				B576D9BD1E8276A400054041 /* Photo.swift */,
			);
			path = Models;
			sourceTree = "<group>";
		};
		B523250E1E8105DC00FF4B02 = {
			isa = PBXGroup;
			children = (
				B52325191E8105DC00FF4B02 /* FlickrLite */,
				B52325181E8105DC00FF4B02 /* Products */,
				DE125C9EE2B4D5197DBA541A /* Pods */,
				6F01401BF9BF8F7BAAE71763 /* Frameworks */,
			);
			sourceTree = "<group>";
		};
		B52325181E8105DC00FF4B02 /* Products */ = {
			isa = PBXGroup;
			children = (
				B52325171E8105DC00FF4B02 /* FlickrLite.app */,
			);
			name = Products;
			sourceTree = "<group>";
		};
		B52325191E8105DC00FF4B02 /* FlickrLite */ = {
			isa = PBXGroup;
			children = (
				B576D9C11E8278B200054041 /* Utils */,
				B50644AF1E8182F000E1A115 /* Models */,
				B50644A41E81149200E1A115 /* Services */,
				B523252C1E81064F00FF4B02 /* ViewControllers */,
				B523251A1E8105DC00FF4B02 /* AppDelegate.swift */,
				B52325211E8105DC00FF4B02 /* Assets.xcassets */,
				B52325231E8105DC00FF4B02 /* LaunchScreen.storyboard */,
				B52325261E8105DC00FF4B02 /* Info.plist */,
				B593755B1E82C04200E98E4D /* FlickrLite-Bridging-Header.h */,
			);
			path = FlickrLite;
			sourceTree = "<group>";
		};
		B523252C1E81064F00FF4B02 /* ViewControllers */ = {
			isa = PBXGroup;
			children = (
				B576D9C41E829ECB00054041 /* Main */,
			);
			path = ViewControllers;
			sourceTree = "<group>";
		};
		B576D9C11E8278B200054041 /* Utils */ = {
			isa = PBXGroup;
			children = (
				B576D9C21E8278C400054041 /* PhotosRoutines.swift */,
				B59375631E83106800E98E4D /* IndexPathsRoutines.swift */,
				B5CECFE41E835C8A007D9C05 /* AlertRoutines.swift */,
			);
			path = Utils;
			sourceTree = "<group>";
		};
		B576D9C41E829ECB00054041 /* Main */ = {
			isa = PBXGroup;
			children = (
				B576D9C51E829ECB00054041 /* Main.storyboard */,
				B576D9C61E829ECB00054041 /* PhotoBrowser */,
			);
			path = Main;
			sourceTree = "<group>";
		};
		B576D9C61E829ECB00054041 /* PhotoBrowser */ = {
			isa = PBXGroup;
			children = (
				B576D9C71E829ECB00054041 /* PhotosBrowserVC.swift */,
				B576D9CA1E829EF700054041 /* PhotosBrowserCell.swift */,
				B576D9CB1E829EF700054041 /* PhotosBrowserCell.xib */,
			);
			path = PhotoBrowser;
			sourceTree = "<group>";
		};
		B59375671E832F5100E98E4D /* StorageService */ = {
			isa = PBXGroup;
			children = (
				B593756A1E832F7A00E98E4D /* RealmObjects */,
				B59375681E832F5100E98E4D /* StorageService.swift */,
			);
			path = StorageService;
			sourceTree = "<group>";
		};
		B593756A1E832F7A00E98E4D /* RealmObjects */ = {
			isa = PBXGroup;
			children = (
				B593756B1E832F9A00E98E4D /* RealmApplication.swift */,
				B51C1B261E8331D300DA8F98 /* RealmPhoto.swift */,
			);
			path = RealmObjects;
			sourceTree = "<group>";
		};
		DE125C9EE2B4D5197DBA541A /* Pods */ = {
			isa = PBXGroup;
			children = (
				06F07B60818A2E76528A700E /* Pods-FlickrLite.debug.xcconfig */,
				35259214B40226C6E5D9F051 /* Pods-FlickrLite.release.xcconfig */,
			);
			name = Pods;
			sourceTree = "<group>";
		};
/* End PBXGroup section */

/* Begin PBXNativeTarget section */
		B52325161E8105DC00FF4B02 /* FlickrLite */ = {
			isa = PBXNativeTarget;
			buildConfigurationList = B52325291E8105DC00FF4B02 /* Build configuration list for PBXNativeTarget "FlickrLite" */;
			buildPhases = (
				839B1C667952A95B626636AF /* [CP] Check Pods Manifest.lock */,
				B52325131E8105DC00FF4B02 /* Sources */,
				B52325141E8105DC00FF4B02 /* Frameworks */,
				B52325151E8105DC00FF4B02 /* Resources */,
				CDFDBCF20E12C8A0B267A6A7 /* [CP] Embed Pods Frameworks */,
				5C5853C225B1E8D469056282 /* [CP] Copy Pods Resources */,
			);
			buildRules = (
			);
			dependencies = (
			);
			name = FlickrLite;
			productName = FlickrLite;
			productReference = B52325171E8105DC00FF4B02 /* FlickrLite.app */;
			productType = "com.apple.product-type.application";
		};
/* End PBXNativeTarget section */

/* Begin PBXProject section */
		B523250F1E8105DC00FF4B02 /* Project object */ = {
			isa = PBXProject;
			attributes = {
				LastSwiftUpdateCheck = 0820;
				LastUpgradeCheck = 0820;
				ORGANIZATIONNAME = "Konstantin Mamaev";
				TargetAttributes = {
					B52325161E8105DC00FF4B02 = {
						CreatedOnToolsVersion = 8.2.1;
						LastSwiftMigration = 0820;
						ProvisioningStyle = Automatic;
					};
				};
			};
			buildConfigurationList = B52325121E8105DC00FF4B02 /* Build configuration list for PBXProject "FlickrLite" */;
			compatibilityVersion = "Xcode 3.2";
			developmentRegion = English;
			hasScannedForEncodings = 0;
			knownRegions = (
				en,
				Base,
			);
			mainGroup = B523250E1E8105DC00FF4B02;
			productRefGroup = B52325181E8105DC00FF4B02 /* Products */;
			projectDirPath = "";
			projectRoot = "";
			targets = (
				B52325161E8105DC00FF4B02 /* FlickrLite */,
			);
		};
/* End PBXProject section */

/* Begin PBXResourcesBuildPhase section */
		B52325151E8105DC00FF4B02 /* Resources */ = {
			isa = PBXResourcesBuildPhase;
			buildActionMask = 2147483647;
			files = (
				B52325251E8105DC00FF4B02 /* LaunchScreen.storyboard in Resources */,
				B52325221E8105DC00FF4B02 /* Assets.xcassets in Resources */,
				B576D9C81E829ECB00054041 /* Main.storyboard in Resources */,
				B576D9CD1E829EF700054041 /* PhotosBrowserCell.xib in Resources */,
			);
			runOnlyForDeploymentPostprocessing = 0;
		};
/* End PBXResourcesBuildPhase section */

/* Begin PBXShellScriptBuildPhase section */
		5C5853C225B1E8D469056282 /* [CP] Copy Pods Resources */ = {
			isa = PBXShellScriptBuildPhase;
			buildActionMask = 2147483647;
			files = (
			);
			inputPaths = (
			);
			name = "[CP] Copy Pods Resources";
			outputPaths = (
			);
			runOnlyForDeploymentPostprocessing = 0;
			shellPath = /bin/sh;
			shellScript = "\"${SRCROOT}/Pods/Target Support Files/Pods-FlickrLite/Pods-FlickrLite-resources.sh\"\n";
			showEnvVarsInLog = 0;
		};
		839B1C667952A95B626636AF /* [CP] Check Pods Manifest.lock */ = {
			isa = PBXShellScriptBuildPhase;
			buildActionMask = 2147483647;
			files = (
			);
			inputPaths = (
			);
			name = "[CP] Check Pods Manifest.lock";
			outputPaths = (
			);
			runOnlyForDeploymentPostprocessing = 0;
			shellPath = /bin/sh;
			shellScript = "diff \"${PODS_ROOT}/../Podfile.lock\" \"${PODS_ROOT}/Manifest.lock\" > /dev/null\nif [ $? != 0 ] ; then\n    # print error to STDERR\n    echo \"error: The sandbox is not in sync with the Podfile.lock. Run 'pod install' or update your CocoaPods installation.\" >&2\n    exit 1\nfi\n";
			showEnvVarsInLog = 0;
		};
		CDFDBCF20E12C8A0B267A6A7 /* [CP] Embed Pods Frameworks */ = {
			isa = PBXShellScriptBuildPhase;
			buildActionMask = 2147483647;
			files = (
			);
			inputPaths = (
			);
			name = "[CP] Embed Pods Frameworks";
			outputPaths = (
			);
			runOnlyForDeploymentPostprocessing = 0;
			shellPath = /bin/sh;
			shellScript = "\"${SRCROOT}/Pods/Target Support Files/Pods-FlickrLite/Pods-FlickrLite-frameworks.sh\"\n";
			showEnvVarsInLog = 0;
		};
/* End PBXShellScriptBuildPhase section */

/* Begin PBXSourcesBuildPhase section */
		B52325131E8105DC00FF4B02 /* Sources */ = {
			isa = PBXSourcesBuildPhase;
			buildActionMask = 2147483647;
			files = (
				B576D9BA1E825A8900054041 /* APIResponse.swift in Sources */,
				B576D9C01E8276E600054041 /* PhotosService.swift in Sources */,
				B576D9C31E8278C400054041 /* PhotosRoutines.swift in Sources */,
				B576D9CC1E829EF700054041 /* PhotosBrowserCell.swift in Sources */,
				B50644AB1E81598A00E1A115 /* APITask.swift in Sources */,
				B576D9BE1E8276A400054041 /* Photo.swift in Sources */,
				B50644A91E81595D00E1A115 /* APIService.swift in Sources */,
				B576D9C91E829ECB00054041 /* PhotosBrowserVC.swift in Sources */,
				B593756C1E832F9A00E98E4D /* RealmApplication.swift in Sources */,
				B59375641E83106800E98E4D /* IndexPathsRoutines.swift in Sources */,
				B523251B1E8105DC00FF4B02 /* AppDelegate.swift in Sources */,
				B50644B11E81830600E1A115 /* RawPhoto.swift in Sources */,
				B51C1B271E8331D300DA8F98 /* RealmPhoto.swift in Sources */,
				B50644AE1E81826900E1A115 /* SearchPhotosResponse.swift in Sources */,
				B59375691E832F5100E98E4D /* StorageService.swift in Sources */,
				B5CECFE51E835C8A007D9C05 /* AlertRoutines.swift in Sources */,
			);
			runOnlyForDeploymentPostprocessing = 0;
		};
/* End PBXSourcesBuildPhase section */

/* Begin PBXVariantGroup section */
		B52325231E8105DC00FF4B02 /* LaunchScreen.storyboard */ = {
			isa = PBXVariantGroup;
			children = (
				B52325241E8105DC00FF4B02 /* Base */,
			);
			name = LaunchScreen.storyboard;
			sourceTree = "<group>";
		};
/* End PBXVariantGroup section */

/* Begin XCBuildConfiguration section */
		B52325271E8105DC00FF4B02 /* Debug */ = {
			isa = XCBuildConfiguration;
			buildSettings = {
				ALWAYS_SEARCH_USER_PATHS = NO;
				CLANG_ANALYZER_NONNULL = YES;
				CLANG_CXX_LANGUAGE_STANDARD = "gnu++0x";
				CLANG_CXX_LIBRARY = "libc++";
				CLANG_ENABLE_MODULES = YES;
				CLANG_ENABLE_OBJC_ARC = YES;
				CLANG_WARN_BOOL_CONVERSION = YES;
				CLANG_WARN_CONSTANT_CONVERSION = YES;
				CLANG_WARN_DIRECT_OBJC_ISA_USAGE = YES_ERROR;
				CLANG_WARN_DOCUMENTATION_COMMENTS = YES;
				CLANG_WARN_EMPTY_BODY = YES;
				CLANG_WARN_ENUM_CONVERSION = YES;
				CLANG_WARN_INFINITE_RECURSION = YES;
				CLANG_WARN_INT_CONVERSION = YES;
				CLANG_WARN_OBJC_ROOT_CLASS = YES_ERROR;
				CLANG_WARN_SUSPICIOUS_MOVE = YES;
				CLANG_WARN_UNREACHABLE_CODE = YES;
				CLANG_WARN__DUPLICATE_METHOD_MATCH = YES;
				"CODE_SIGN_IDENTITY[sdk=iphoneos*]" = "iPhone Developer";
				COPY_PHASE_STRIP = NO;
				DEBUG_INFORMATION_FORMAT = dwarf;
				ENABLE_STRICT_OBJC_MSGSEND = YES;
				ENABLE_TESTABILITY = YES;
				GCC_C_LANGUAGE_STANDARD = gnu99;
				GCC_DYNAMIC_NO_PIC = NO;
				GCC_NO_COMMON_BLOCKS = YES;
				GCC_OPTIMIZATION_LEVEL = 0;
				GCC_PREPROCESSOR_DEFINITIONS = (
					"DEBUG=1",
					"$(inherited)",
				);
				GCC_WARN_64_TO_32_BIT_CONVERSION = YES;
				GCC_WARN_ABOUT_RETURN_TYPE = YES_ERROR;
				GCC_WARN_UNDECLARED_SELECTOR = YES;
				GCC_WARN_UNINITIALIZED_AUTOS = YES_AGGRESSIVE;
				GCC_WARN_UNUSED_FUNCTION = YES;
				GCC_WARN_UNUSED_VARIABLE = YES;
				IPHONEOS_DEPLOYMENT_TARGET = 10.2;
				MTL_ENABLE_DEBUG_INFO = YES;
				ONLY_ACTIVE_ARCH = YES;
				SDKROOT = iphoneos;
				SWIFT_ACTIVE_COMPILATION_CONDITIONS = DEBUG;
				SWIFT_OPTIMIZATION_LEVEL = "-Onone";
				TARGETED_DEVICE_FAMILY = "1,2";
			};
			name = Debug;
		};
		B52325281E8105DC00FF4B02 /* Release */ = {
			isa = XCBuildConfiguration;
			buildSettings = {
				ALWAYS_SEARCH_USER_PATHS = NO;
				CLANG_ANALYZER_NONNULL = YES;
				CLANG_CXX_LANGUAGE_STANDARD = "gnu++0x";
				CLANG_CXX_LIBRARY = "libc++";
				CLANG_ENABLE_MODULES = YES;
				CLANG_ENABLE_OBJC_ARC = YES;
				CLANG_WARN_BOOL_CONVERSION = YES;
				CLANG_WARN_CONSTANT_CONVERSION = YES;
				CLANG_WARN_DIRECT_OBJC_ISA_USAGE = YES_ERROR;
				CLANG_WARN_DOCUMENTATION_COMMENTS = YES;
				CLANG_WARN_EMPTY_BODY = YES;
				CLANG_WARN_ENUM_CONVERSION = YES;
				CLANG_WARN_INFINITE_RECURSION = YES;
				CLANG_WARN_INT_CONVERSION = YES;
				CLANG_WARN_OBJC_ROOT_CLASS = YES_ERROR;
				CLANG_WARN_SUSPICIOUS_MOVE = YES;
				CLANG_WARN_UNREACHABLE_CODE = YES;
				CLANG_WARN__DUPLICATE_METHOD_MATCH = YES;
				"CODE_SIGN_IDENTITY[sdk=iphoneos*]" = "iPhone Developer";
				COPY_PHASE_STRIP = NO;
				DEBUG_INFORMATION_FORMAT = "dwarf-with-dsym";
				ENABLE_NS_ASSERTIONS = NO;
				ENABLE_STRICT_OBJC_MSGSEND = YES;
				GCC_C_LANGUAGE_STANDARD = gnu99;
				GCC_NO_COMMON_BLOCKS = YES;
				GCC_WARN_64_TO_32_BIT_CONVERSION = YES;
				GCC_WARN_ABOUT_RETURN_TYPE = YES_ERROR;
				GCC_WARN_UNDECLARED_SELECTOR = YES;
				GCC_WARN_UNINITIALIZED_AUTOS = YES_AGGRESSIVE;
				GCC_WARN_UNUSED_FUNCTION = YES;
				GCC_WARN_UNUSED_VARIABLE = YES;
				IPHONEOS_DEPLOYMENT_TARGET = 10.2;
				MTL_ENABLE_DEBUG_INFO = NO;
				SDKROOT = iphoneos;
				SWIFT_OPTIMIZATION_LEVEL = "-Owholemodule";
				TARGETED_DEVICE_FAMILY = "1,2";
				VALIDATE_PRODUCT = YES;
			};
			name = Release;
		};
		B523252A1E8105DC00FF4B02 /* Debug */ = {
			isa = XCBuildConfiguration;
			baseConfigurationReference = 06F07B60818A2E76528A700E /* Pods-FlickrLite.debug.xcconfig */;
			buildSettings = {
				ASSETCATALOG_COMPILER_APPICON_NAME = AppIcon;
				CLANG_ENABLE_MODULES = YES;
				INFOPLIST_FILE = FlickrLite/Info.plist;
				IPHONEOS_DEPLOYMENT_TARGET = 9.0;
				LD_RUNPATH_SEARCH_PATHS = "$(inherited) @executable_path/Frameworks";
				PRODUCT_BUNDLE_IDENTIFIER = konstantin.mamaev.FlickrLite;
				PRODUCT_NAME = "$(TARGET_NAME)";
				SWIFT_OBJC_BRIDGING_HEADER = "FlickrLite/FlickrLite-Bridging-Header.h";
				SWIFT_OPTIMIZATION_LEVEL = "-Onone";
				SWIFT_VERSION = 3.0;
			};
			name = Debug;
		};
		B523252B1E8105DC00FF4B02 /* Release */ = {
			isa = XCBuildConfiguration;
			baseConfigurationReference = 35259214B40226C6E5D9F051 /* Pods-FlickrLite.release.xcconfig */;
			buildSettings = {
				ASSETCATALOG_COMPILER_APPICON_NAME = AppIcon;
				CLANG_ENABLE_MODULES = YES;
				INFOPLIST_FILE = FlickrLite/Info.plist;
				IPHONEOS_DEPLOYMENT_TARGET = 9.0;
				LD_RUNPATH_SEARCH_PATHS = "$(inherited) @executable_path/Frameworks";
				PRODUCT_BUNDLE_IDENTIFIER = konstantin.mamaev.FlickrLite;
				PRODUCT_NAME = "$(TARGET_NAME)";
				SWIFT_OBJC_BRIDGING_HEADER = "FlickrLite/FlickrLite-Bridging-Header.h";
				SWIFT_VERSION = 3.0;
			};
			name = Release;
		};
/* End XCBuildConfiguration section */

/* Begin XCConfigurationList section */
		B52325121E8105DC00FF4B02 /* Build configuration list for PBXProject "FlickrLite" */ = {
			isa = XCConfigurationList;
			buildConfigurations = (
				B52325271E8105DC00FF4B02 /* Debug */,
				B52325281E8105DC00FF4B02 /* Release */,
			);
			defaultConfigurationIsVisible = 0;
			defaultConfigurationName = Release;
		};
		B52325291E8105DC00FF4B02 /* Build configuration list for PBXNativeTarget "FlickrLite" */ = {
			isa = XCConfigurationList;
			buildConfigurations = (
				B523252A1E8105DC00FF4B02 /* Debug */,
				B523252B1E8105DC00FF4B02 /* Release */,
			);
			defaultConfigurationIsVisible = 0;
			defaultConfigurationName = Release;
		};
/* End XCConfigurationList section */
	};
	rootObject = B523250F1E8105DC00FF4B02 /* Project object */;
}
